# @generated - this file is auto-generated by `mise lock` https://mise.jdx.dev/dev-tools/mise-lock.html

lockfile_version = 2

[[tools."aqua:BurntSushi/ripgrep"]]
version = "15.2.0"
backend = "aqua:BurntSushi/ripgrep"
specifiers = ["15.2.0"]

[[tools."aqua:bats-core/bats-core"]]
version = "1.14.0"
backend = "aqua:bats-core/bats-core"
specifiers = ["1.14.0"]

[[tools."aqua:casey/just"]]
version = "1.58.0"
backend = "aqua:casey/just"
specifiers = ["1.58.0"]

[[tools."aqua:google/yamlfmt"]]
version = "v0.21.0"
backend = "aqua:google/yamlfmt"
specifiers = ["v0.21.0"]

[[tools."aqua:koalaman/shellcheck"]]
version = "v0.11.0"
backend = "aqua:koalaman/shellcheck"
specifiers = ["v0.11.0"]

[[tools."aqua:mikefarah/yq"]]
version = "v4.53.6"
backend = "aqua:mikefarah/yq"
specifiers = ["v4.53.6"]

[[tools."aqua:mvdan/sh"]]
version = "v3.14.1"
backend = "aqua:mvdan/sh"
specifiers = ["v3.14.1"]

[[tools."aqua:rhysd/actionlint"]]
version = "v1.7.12"
backend = "aqua:rhysd/actionlint"
specifiers = ["v1.7.12"]

[[tools."aqua:rvben/rumdl"]]
version = "v0.2.75"
backend = "aqua:rvben/rumdl"
specifiers = ["v0.2.75"]

[[tools."aqua:sharkdp/fd"]]
version = "v10.5.0"
backend = "aqua:sharkdp/fd"
specifiers = ["v10.5.0"]

[[tools."aqua:tldr-pages/tlrc"]]
version = "v1.13.1"
backend = "aqua:tldr-pages/tlrc"
specifiers = ["v1.13.1"]

[[tools."aqua:zricethezav/gitleaks"]]
version = "v8.30.1"
backend = "aqua:zricethezav/gitleaks"
specifiers = ["v8.30.1"]

[[tools."forgejo:itiquette/gommitlint"]]
version = "0.9.12"
backend = "forgejo:itiquette/gommitlint"
specifiers = ["0.9.12"]

[[tools."pipx:reuse"]]
version = "6.2.0"
backend = "pipx:reuse"
specifiers = ["6.2.0"]
